
Microsoft Visual Studio Solution File, Format Version 12.00
Project("{FAE04EC0-301F-11D3-BF4B-00C04F79EFBC}") = "PipesCopy", "PipesCopy\PipesCopy.csproj", "{891A3506-C5D5-4E6F-8A5B-05562A4941B4}"
EndProject
Global
	GlobalSection(SolutionConfigurationPlatforms) = preSolution
		Debug|Any CPU = Debug|Any CPU
		Release|Any CPU = Release|Any CPU
	EndGlobalSection
	GlobalSection(ProjectConfigurationPlatforms) = postSolution
		{891A3506-C5D5-4E6F-8A5B-05562A4941B4}.Debug|Any CPU.ActiveCfg = Debug|Any CPU
		{891A3506-C5D5-4E6F-8A5B-05562A4941B4}.Debug|Any CPU.Build.0 = Debug|Any CPU
		{891A3506-C5D5-4E6F-8A5B-05562A4941B4}.Release|Any CPU.ActiveCfg = Release|Any CPU
		{891A3506-C5D5-4E6F-8A5B-05562A4941B4}.Release|Any CPU.Build.0 = Release|Any CPU
	EndGlobalSection
EndGlobal
